Microsoft Visual Studio Solution File, Format Version 11.00
# Visual Studio 2008

Project("{C6B1847F-A30B-D92F-F874-64E39859E7C0}") = "P5", "Assembly-CSharp-firstpass.csproj", "{FEAD5AC6-35F0-CBED-6DD2-78B1C313FBF2}"
EndProject
Project("{C6B1847F-A30B-D92F-F874-64E39859E7C0}") = "P5", "Assembly-CSharp.csproj", "{B9D96E02-3272-5529-16CB-6E1A1764E526}"
EndProject
Project("{C6B1847F-A30B-D92F-F874-64E39859E7C0}") = "P5", "Assembly-CSharp-Editor.csproj", "{B9C64826-454C-F874-648D-CC8542E8405B}"
EndProject
Global
	GlobalSection(SolutionConfigurationPlatforms) = preSolution
		Debug|Any CPU = Debug|Any CPU
		Release|Any CPU = Release|Any CPU
	EndGlobalSection
	GlobalSection(ProjectConfigurationPlatforms) = postSolution
		{FEAD5AC6-35F0-CBED-6DD2-78B1C313FBF2}.Debug|Any CPU.ActiveCfg = Debug|Any CPU
		{FEAD5AC6-35F0-CBED-6DD2-78B1C313FBF2}.Debug|Any CPU.Build.0 = Debug|Any CPU
		{FEAD5AC6-35F0-CBED-6DD2-78B1C313FBF2}.Release|Any CPU.ActiveCfg = Release|Any CPU
		{FEAD5AC6-35F0-CBED-6DD2-78B1C313FBF2}.Release|Any CPU.Build.0 = Release|Any CPU
		{B9D96E02-3272-5529-16CB-6E1A1764E526}.Debug|Any CPU.ActiveCfg = Debug|Any CPU
		{B9D96E02-3272-5529-16CB-6E1A1764E526}.Debug|Any CPU.Build.0 = Debug|Any CPU
		{B9D96E02-3272-5529-16CB-6E1A1764E526}.Release|Any CPU.ActiveCfg = Release|Any CPU
		{B9D96E02-3272-5529-16CB-6E1A1764E526}.Release|Any CPU.Build.0 = Release|Any CPU
		{B9C64826-454C-F874-648D-CC8542E8405B}.Debug|Any CPU.ActiveCfg = Debug|Any CPU
		{B9C64826-454C-F874-648D-CC8542E8405B}.Debug|Any CPU.Build.0 = Debug|Any CPU
		{B9C64826-454C-F874-648D-CC8542E8405B}.Release|Any CPU.ActiveCfg = Release|Any CPU
		{B9C64826-454C-F874-648D-CC8542E8405B}.Release|Any CPU.Build.0 = Release|Any CPU
	EndGlobalSection
	GlobalSection(SolutionProperties) = preSolution
		HideSolutionNode = FALSE
	EndGlobalSection
	GlobalSection(MonoDevelopProperties) = preSolution
		StartupItem = Assembly-CSharp.csproj
	EndGlobalSection
EndGlobal
